
Microsoft Visual Studio Solution File, Format Version 12.00
# Visual Studio Version 17
VisualStudioVersion = 17.6.33801.468
MinimumVisualStudioVersion = 10.0.40219.1
Project("{FAE04EC0-301F-11D3-BF4B-00C04F79EFBC}") = "Se130RPGGame", "Se130RPGGame\Se130RPGGame.csproj", "{A67F1830-C951-4A8F-B20B-8D7C307FB697}"
EndProject
Global
	GlobalSection(SolutionConfigurationPlatforms) = preSolution
		Debug|Any CPU = Debug|Any CPU
		Release|Any CPU = Release|Any CPU
	EndGlobalSection
	GlobalSection(ProjectConfigurationPlatforms) = postSolution
		{A67F1830-C951-4A8F-B20B-8D7C307FB697}.Debug|Any CPU.ActiveCfg = Debug|Any CPU
		{A67F1830-C951-4A8F-B20B-8D7C307FB697}.Debug|Any CPU.Build.0 = Debug|Any CPU
		{A67F1830-C951-4A8F-B20B-8D7C307FB697}.Release|Any CPU.ActiveCfg = Release|Any CPU
		{A67F1830-C951-4A8F-B20B-8D7C307FB697}.Release|Any CPU.Build.0 = Release|Any CPU
	EndGlobalSection
	GlobalSection(SolutionProperties) = preSolution
		HideSolutionNode = FALSE
	EndGlobalSection
	GlobalSection(ExtensibilityGlobals) = postSolution
		SolutionGuid = {1AE93C85-4DA0-4F0E-8DDE-88F4BF1AE3D9}
	EndGlobalSection
EndGlobal
